
Microsoft Visual Studio Solution File, Format Version 12.00
# Visual Studio 15
VisualStudioVersion = 15.0.28010.2016
MinimumVisualStudioVersion = 10.0.40219.1
Project("{9A19103F-16F7-4668-BE54-9A1E7A4F7556}") = "RC.DataPress", "RC.DataPress\RC.DataPress.csproj", "{35E0FA1B-8D63-4D2F-A217-8ABC2B143153}"
EndProject
Project("{9A19103F-16F7-4668-BE54-9A1E7A4F7556}") = "RC.DataPress.Test", "RC.DataPress.Test\RC.DataPress.Test.csproj", "{D1814F98-03FC-45DD-9A08-C268265DD1C5}"
EndProject
Project("{9A19103F-16F7-4668-BE54-9A1E7A4F7556}") = "RC.DataPress.Test.Web", "RC.DataPress.Test.Web\RC.DataPress.Test.Web.csproj", "{D8049D0E-B400-4576-B316-B76228015750}"
EndProject
Project("{FAE04EC0-301F-11D3-BF4B-00C04F79EFBC}") = "RC.Task.Common", "RC.Task.Common\RC.Task.Common.csproj", "{0AD8C656-1150-4180-9170-178418B12459}"
EndProject
Project("{FAE04EC0-301F-11D3-BF4B-00C04F79EFBC}") = "RC.Task.Core", "RC.Task.Core\RC.Task.Core.csproj", "{647DF94E-9340-4AC6-89B3-BD75341718D2}"
EndProject
Global
	GlobalSection(SolutionConfigurationPlatforms) = preSolution
		Debug|Any CPU = Debug|Any CPU
		Release|Any CPU = Release|Any CPU
	EndGlobalSection
	GlobalSection(ProjectConfigurationPlatforms) = postSolution
		{35E0FA1B-8D63-4D2F-A217-8ABC2B143153}.Debug|Any CPU.ActiveCfg = Debug|Any CPU
		{35E0FA1B-8D63-4D2F-A217-8ABC2B143153}.Debug|Any CPU.Build.0 = Debug|Any CPU
		{35E0FA1B-8D63-4D2F-A217-8ABC2B143153}.Release|Any CPU.ActiveCfg = Release|Any CPU
		{35E0FA1B-8D63-4D2F-A217-8ABC2B143153}.Release|Any CPU.Build.0 = Release|Any CPU
		{D1814F98-03FC-45DD-9A08-C268265DD1C5}.Debug|Any CPU.ActiveCfg = Debug|Any CPU
		{D1814F98-03FC-45DD-9A08-C268265DD1C5}.Debug|Any CPU.Build.0 = Debug|Any CPU
		{D1814F98-03FC-45DD-9A08-C268265DD1C5}.Release|Any CPU.ActiveCfg = Release|Any CPU
		{D1814F98-03FC-45DD-9A08-C268265DD1C5}.Release|Any CPU.Build.0 = Release|Any CPU
		{D8049D0E-B400-4576-B316-B76228015750}.Debug|Any CPU.ActiveCfg = Debug|Any CPU
		{D8049D0E-B400-4576-B316-B76228015750}.Debug|Any CPU.Build.0 = Debug|Any CPU
		{D8049D0E-B400-4576-B316-B76228015750}.Release|Any CPU.ActiveCfg = Release|Any CPU
		{D8049D0E-B400-4576-B316-B76228015750}.Release|Any CPU.Build.0 = Release|Any CPU
		{0AD8C656-1150-4180-9170-178418B12459}.Debug|Any CPU.ActiveCfg = Debug|Any CPU
		{0AD8C656-1150-4180-9170-178418B12459}.Debug|Any CPU.Build.0 = Debug|Any CPU
		{0AD8C656-1150-4180-9170-178418B12459}.Release|Any CPU.ActiveCfg = Release|Any CPU
		{0AD8C656-1150-4180-9170-178418B12459}.Release|Any CPU.Build.0 = Release|Any CPU
		{647DF94E-9340-4AC6-89B3-BD75341718D2}.Debug|Any CPU.ActiveCfg = Debug|Any CPU
		{647DF94E-9340-4AC6-89B3-BD75341718D2}.Debug|Any CPU.Build.0 = Debug|Any CPU
		{647DF94E-9340-4AC6-89B3-BD75341718D2}.Release|Any CPU.ActiveCfg = Release|Any CPU
		{647DF94E-9340-4AC6-89B3-BD75341718D2}.Release|Any CPU.Build.0 = Release|Any CPU
	EndGlobalSection
	GlobalSection(SolutionProperties) = preSolution
		HideSolutionNode = FALSE
	EndGlobalSection
	GlobalSection(ExtensibilityGlobals) = postSolution
		SolutionGuid = {379C33E9-6A51-4C60-A228-15A981DEBB93}
	EndGlobalSection
EndGlobal
